
Microsoft Visual Studio Solution File, Format Version 12.00
# Visual Studio Version 16
VisualStudioVersion = 16.0.29920.165
MinimumVisualStudioVersion = 10.0.40219.1
Project("{FAE04EC0-301F-11D3-BF4B-00C04F79EFBC}") = "Meister.SDK.Reporting", "Meister.SDK.Reporting\Meister.SDK.Reporting.csproj", "{4FBBEA01-FB8B-4C86-B3CD-3EB935D24EAD}"
EndProject
Project("{FAE04EC0-301F-11D3-BF4B-00C04F79EFBC}") = "Meister.SDK.Reporting.Netcore", "Meister.SDK.Reporting.Netcore\Meister.SDK.Reporting.Netcore.csproj", "{7B8F60A4-4787-4F4D-A6E6-19E5F48FAC45}"
	ProjectSection(ProjectDependencies) = postProject
		{4FBBEA01-FB8B-4C86-B3CD-3EB935D24EAD} = {4FBBEA01-FB8B-4C86-B3CD-3EB935D24EAD}
	EndProjectSection
EndProject
Global
	GlobalSection(SolutionConfigurationPlatforms) = preSolution
		Debug|Any CPU = Debug|Any CPU
		Release|Any CPU = Release|Any CPU
	EndGlobalSection
	GlobalSection(ProjectConfigurationPlatforms) = postSolution
		{4FBBEA01-FB8B-4C86-B3CD-3EB935D24EAD}.Debug|Any CPU.ActiveCfg = Debug|Any CPU
		{4FBBEA01-FB8B-4C86-B3CD-3EB935D24EAD}.Debug|Any CPU.Build.0 = Debug|Any CPU
		{4FBBEA01-FB8B-4C86-B3CD-3EB935D24EAD}.Release|Any CPU.ActiveCfg = Release|Any CPU
		{4FBBEA01-FB8B-4C86-B3CD-3EB935D24EAD}.Release|Any CPU.Build.0 = Release|Any CPU
		{7B8F60A4-4787-4F4D-A6E6-19E5F48FAC45}.Debug|Any CPU.ActiveCfg = Debug|Any CPU
		{7B8F60A4-4787-4F4D-A6E6-19E5F48FAC45}.Debug|Any CPU.Build.0 = Debug|Any CPU
		{7B8F60A4-4787-4F4D-A6E6-19E5F48FAC45}.Release|Any CPU.ActiveCfg = Release|Any CPU
		{7B8F60A4-4787-4F4D-A6E6-19E5F48FAC45}.Release|Any CPU.Build.0 = Release|Any CPU
	EndGlobalSection
	GlobalSection(SolutionProperties) = preSolution
		HideSolutionNode = FALSE
	EndGlobalSection
	GlobalSection(ExtensibilityGlobals) = postSolution
		SolutionGuid = {9FBF3D1B-47F5-4199-9620-6706E3A6763E}
	EndGlobalSection
EndGlobal
